
Microsoft Visual Studio Solution File, Format Version 12.00
# Visual Studio Version 16
VisualStudioVersion = 16.0.29306.81
MinimumVisualStudioVersion = 10.0.40219.1
Project("{FAE04EC0-301F-11D3-BF4B-00C04F79EFBC}") = "Geometry", "Geometry\Geometry.csproj", "{8EA63D5D-02E6-43FE-BE68-68CE42E5398D}"
EndProject
Project("{FAE04EC0-301F-11D3-BF4B-00C04F79EFBC}") = "GeometryTests", "GeometryTests\GeometryTests.csproj", "{E8C534EA-4C92-48E1-9ACA-E08E0345ECB1}"
EndProject
Global
	GlobalSection(SolutionConfigurationPlatforms) = preSolution
		Debug|Any CPU = Debug|Any CPU
		Release|Any CPU = Release|Any CPU
	EndGlobalSection
	GlobalSection(ProjectConfigurationPlatforms) = postSolution
		{8EA63D5D-02E6-43FE-BE68-68CE42E5398D}.Debug|Any CPU.ActiveCfg = Debug|Any CPU
		{8EA63D5D-02E6-43FE-BE68-68CE42E5398D}.Debug|Any CPU.Build.0 = Debug|Any CPU
		{8EA63D5D-02E6-43FE-BE68-68CE42E5398D}.Release|Any CPU.ActiveCfg = Release|Any CPU
		{8EA63D5D-02E6-43FE-BE68-68CE42E5398D}.Release|Any CPU.Build.0 = Release|Any CPU
		{E8C534EA-4C92-48E1-9ACA-E08E0345ECB1}.Debug|Any CPU.ActiveCfg = Debug|Any CPU
		{E8C534EA-4C92-48E1-9ACA-E08E0345ECB1}.Debug|Any CPU.Build.0 = Debug|Any CPU
		{E8C534EA-4C92-48E1-9ACA-E08E0345ECB1}.Release|Any CPU.ActiveCfg = Release|Any CPU
		{E8C534EA-4C92-48E1-9ACA-E08E0345ECB1}.Release|Any CPU.Build.0 = Release|Any CPU
	EndGlobalSection
	GlobalSection(SolutionProperties) = preSolution
		HideSolutionNode = FALSE
	EndGlobalSection
	GlobalSection(ExtensibilityGlobals) = postSolution
		SolutionGuid = {96683A46-0DA4-41E9-A40B-B524137BABAE}
	EndGlobalSection
EndGlobal
